// !$*UTF8*$!
{
	archiveVersion = 1;
	classes = {
	};
	objectVersion = 50;
	objects = {

/* Begin PBXBuildFile section */
		23D85D6023C3163000BECF55 /* AppDelegate.swift in Sources */ = {isa = PBXBuildFile; fileRef = 23D85D5F23C3163000BECF55 /* AppDelegate.swift */; };
		23D85D6223C3163000BECF55 /* ViewController.swift in Sources */ = {isa = PBXBuildFile; fileRef = 23D85D6123C3163000BECF55 /* ViewController.swift */; };
		23D85D6523C3163000BECF55 /* Main.storyboard in Resources */ = {isa = PBXBuildFile; fileRef = 23D85D6323C3163000BECF55 /* Main.storyboard */; };
		23D85D6723C3163600BECF55 /* Assets.xcassets in Resources */ = {isa = PBXBuildFile; fileRef = 23D85D6623C3163600BECF55 /* Assets.xcassets */; };
		23D85D6A23C3163600BECF55 /* LaunchScreen.storyboard in Resources */ = {isa = PBXBuildFile; fileRef = 23D85D6823C3163600BECF55 /* LaunchScreen.storyboard */; };
		23D85D7323C316C300BECF55 /* libsqlite3.tbd in Frameworks */ = {isa = PBXBuildFile; fileRef = 23D85D7223C316C300BECF55 /* libsqlite3.tbd */; };
		23D85D7523C3189400BECF55 /* Sqlite.swift in Sources */ = {isa = PBXBuildFile; fileRef = 23D85D7423C3189400BECF55 /* Sqlite.swift */; };
/* End PBXBuildFile section */

/* Begin PBXFileReference section */
		23D85D5C23C3163000BECF55 /* td-bloc-note-sqlite-deschamps.app */ = {isa = PBXFileReference; explicitFileType = wrapper.application; includeInIndex = 0; path = "td-bloc-note-sqlite-deschamps.app"; sourceTree = BUILT_PRODUCTS_DIR; };
		23D85D5F23C3163000BECF55 /* AppDelegate.swift */ = {isa = PBXFileReference; lastKnownFileType = sourcecode.swift; path = AppDelegate.swift; sourceTree = "<group>"; };
		23D85D6123C3163000BECF55 /* ViewController.swift */ = {isa = PBXFileReference; lastKnownFileType = sourcecode.swift; path = ViewController.swift; sourceTree = "<group>"; };
		23D85D6423C3163000BECF55 /* Base */ = {isa = PBXFileReference; lastKnownFileType = file.storyboard; name = Base; path = Base.lproj/Main.storyboard; sourceTree = "<group>"; };
		23D85D6623C3163600BECF55 /* Assets.xcassets */ = {isa = PBXFileReference; lastKnownFileType = folder.assetcatalog; path = Assets.xcassets; sourceTree = "<group>"; };
		23D85D6923C3163600BECF55 /* Base */ = {isa = PBXFileReference; lastKnownFileType = file.storyboard; name = Base; path = Base.lproj/LaunchScreen.storyboard; sourceTree = "<group>"; };
		23D85D6B23C3163600BECF55 /* Info.plist */ = {isa = PBXFileReference; lastKnownFileType = text.plist.xml; path = Info.plist; sourceTree = "<group>"; };
		23D85D7223C316C300BECF55 /* libsqlite3.tbd */ = {isa = PBXFileReference; lastKnownFileType = "sourcecode.text-based-dylib-definition"; name = libsqlite3.tbd; path = usr/lib/libsqlite3.tbd; sourceTree = SDKROOT; };
		23D85D7423C3189400BECF55 /* Sqlite.swift */ = {isa = PBXFileReference; lastKnownFileType = sourcecode.swift; name = Sqlite.swift; path = "td-bloc-note-sqlite-deschamps/Sqlite.swift"; sourceTree = "<group>"; };
/* End PBXFileReference section */

/* Begin PBXFrameworksBuildPhase section */
		23D85D5923C3163000BECF55 /* Frameworks */ = {
			isa = PBXFrameworksBuildPhase;
			buildActionMask = 2147483647;
			files = (
				23D85D7323C316C300BECF55 /* libsqlite3.tbd in Frameworks */,
			);
			runOnlyForDeploymentPostprocessing = 0;
		};
/* End PBXFrameworksBuildPhase section */

/* Begin PBXGroup section */
		23D85D5323C3163000BECF55 = {
			isa = PBXGroup;
			children = (
				23D85D7423C3189400BECF55 /* Sqlite.swift */,
				23D85D5E23C3163000BECF55 /* td-bloc-note-sqlite-deschamps */,
				23D85D5D23C3163000BECF55 /* Products */,
				23D85D7123C316C300BECF55 /* Frameworks */,
			);
			sourceTree = "<group>";
		};
		23D85D5D23C3163000BECF55 /* Products */ = {
			isa = PBXGroup;
			children = (
				23D85D5C23C3163000BECF55 /* td-bloc-note-sqlite-deschamps.app */,
			);
			name = Products;
			sourceTree = "<group>";
		};
		23D85D5E23C3163000BECF55 /* td-bloc-note-sqlite-deschamps */ = {
			isa = PBXGroup;
			children = (
				23D85D5F23C3163000BECF55 /* AppDelegate.swift */,
				23D85D6123C3163000BECF55 /* ViewController.swift */,
				23D85D6323C3163000BECF55 /* Main.storyboard */,
				23D85D6623C3163600BECF55 /* Assets.xcassets */,
				23D85D6823C3163600BECF55 /* LaunchScreen.storyboard */,
				23D85D6B23C3163600BECF55 /* Info.plist */,
			);
			path = "td-bloc-note-sqlite-deschamps";
			sourceTree = "<group>";
		};
		23D85D7123C316C300BECF55 /* Frameworks */ = {
			isa = PBXGroup;
			children = (
				23D85D7223C316C300BECF55 /* libsqlite3.tbd */,
			);
			name = Frameworks;
			sourceTree = "<group>";
		};
/* End PBXGroup section */

/* Begin PBXNativeTarget section */
		23D85D5B23C3163000BECF55 /* td-bloc-note-sqlite-deschamps */ = {
			isa = PBXNativeTarget;
			buildConfigurationList = 23D85D6E23C3163600BECF55 /* Build configuration list for PBXNativeTarget "td-bloc-note-sqlite-deschamps" */;
			buildPhases = (
				23D85D5823C3163000BECF55 /* Sources */,
				23D85D5923C3163000BECF55 /* Frameworks */,
				23D85D5A23C3163000BECF55 /* Resources */,
			);
			buildRules = (
			);
			dependencies = (
			);
			name = "td-bloc-note-sqlite-deschamps";
			productName = "td-bloc-note-sqlite-deschamps";
			productReference = 23D85D5C23C3163000BECF55 /* td-bloc-note-sqlite-deschamps.app */;
			productType = "com.apple.product-type.application";
		};
/* End PBXNativeTarget section */

/* Begin PBXProject section */
		23D85D5423C3163000BECF55 /* Project object */ = {
			isa = PBXProject;
			attributes = {
				LastSwiftUpdateCheck = 1020;
				LastUpgradeCheck = 1020;
				ORGANIZATIONNAME = local192;
				TargetAttributes = {
					23D85D5B23C3163000BECF55 = {
						CreatedOnToolsVersion = 10.2.1;
					};
				};
			};
			buildConfigurationList = 23D85D5723C3163000BECF55 /* Build configuration list for PBXProject "td-bloc-note-sqlite-deschamps" */;
			compatibilityVersion = "Xcode 9.3";
			developmentRegion = en;
			hasScannedForEncodings = 0;
			knownRegions = (
				en,
				Base,
			);
			mainGroup = 23D85D5323C3163000BECF55;
			productRefGroup = 23D85D5D23C3163000BECF55 /* Products */;
			projectDirPath = "";
			projectRoot = "";
			targets = (
				23D85D5B23C3163000BECF55 /* td-bloc-note-sqlite-deschamps */,
			);
		};
/* End PBXProject section */

/* Begin PBXResourcesBuildPhase section */
		23D85D5A23C3163000BECF55 /* Resources */ = {
			isa = PBXResourcesBuildPhase;
			buildActionMask = 2147483647;
			files = (
				23D85D6A23C3163600BECF55 /* LaunchScreen.storyboard in Resources */,
				23D85D6723C3163600BECF55 /* Assets.xcassets in Resources */,
				23D85D6523C3163000BECF55 /* Main.storyboard in Resources */,
			);
			runOnlyForDeploymentPostprocessing = 0;
		};
/* End PBXResourcesBuildPhase section */

/* Begin PBXSourcesBuildPhase section */
		23D85D5823C3163000BECF55 /* Sources */ = {
			isa = PBXSourcesBuildPhase;
			buildActionMask = 2147483647;
			files = (
				23D85D6223C3163000BECF55 /* ViewController.swift in Sources */,
				23D85D7523C3189400BECF55 /* Sqlite.swift in Sources */,
				23D85D6023C3163000BECF55 /* AppDelegate.swift in Sources */,
			);
			runOnlyForDeploymentPostprocessing = 0;
		};
/* End PBXSourcesBuildPhase section */

/* Begin PBXVariantGroup section */
		23D85D6323C3163000BECF55 /* Main.storyboard */ = {
			isa = PBXVariantGroup;
			children = (
				23D85D6423C3163000BECF55 /* Base */,
			);
			name = Main.storyboard;
			sourceTree = "<group>";
		};
		23D85D6823C3163600BECF55 /* LaunchScreen.storyboard */ = {
			isa = PBXVariantGroup;
			children = (
				23D85D6923C3163600BECF55 /* Base */,
			);
			name = LaunchScreen.storyboard;
			sourceTree = "<group>";
		};
/* End PBXVariantGroup section */

/* Begin XCBuildConfiguration section */
		23D85D6C23C3163600BECF55 /* Debug */ = {
			isa = XCBuildConfiguration;
			buildSettings = {
				ALWAYS_SEARCH_USER_PATHS = NO;
				CLANG_ANALYZER_NONNULL = YES;
				CLANG_ANALYZER_NUMBER_OBJECT_CONVERSION = YES_AGGRESSIVE;
				CLANG_CXX_LANGUAGE_STANDARD = "gnu++14";
				CLANG_CXX_LIBRARY = "libc++";
				CLANG_ENABLE_MODULES = YES;
				CLANG_ENABLE_OBJC_ARC = YES;
				CLANG_ENABLE_OBJC_WEAK = YES;
				CLANG_WARN_BLOCK_CAPTURE_AUTORELEASING = YES;
				CLANG_WARN_BOOL_CONVERSION = YES;
				CLANG_WARN_COMMA = YES;
				CLANG_WARN_CONSTANT_CONVERSION = YES;
				CLANG_WARN_DEPRECATED_OBJC_IMPLEMENTATIONS = YES;
				CLANG_WARN_DIRECT_OBJC_ISA_USAGE = YES_ERROR;
				CLANG_WARN_DOCUMENTATION_COMMENTS = YES;
				CLANG_WARN_EMPTY_BODY = YES;
				CLANG_WARN_ENUM_CONVERSION = YES;
				CLANG_WARN_INFINITE_RECURSION = YES;
				CLANG_WARN_INT_CONVERSION = YES;
				CLANG_WARN_NON_LITERAL_NULL_CONVERSION = YES;
				CLANG_WARN_OBJC_IMPLICIT_RETAIN_SELF = YES;
				CLANG_WARN_OBJC_LITERAL_CONVERSION = YES;
				CLANG_WARN_OBJC_ROOT_CLASS = YES_ERROR;
				CLANG_WARN_RANGE_LOOP_ANALYSIS = YES;
				CLANG_WARN_STRICT_PROTOTYPES = YES;
				CLANG_WARN_SUSPICIOUS_MOVE = YES;
				CLANG_WARN_UNGUARDED_AVAILABILITY = YES_AGGRESSIVE;
				CLANG_WARN_UNREACHABLE_CODE = YES;
				CLANG_WARN__DUPLICATE_METHOD_MATCH = YES;
				CODE_SIGN_IDENTITY = "iPhone Developer";
				COPY_PHASE_STRIP = NO;
				DEBUG_INFORMATION_FORMAT = dwarf;
				ENABLE_STRICT_OBJC_MSGSEND = YES;
				ENABLE_TESTABILITY = YES;
				GCC_C_LANGUAGE_STANDARD = gnu11;
				GCC_DYNAMIC_NO_PIC = NO;
				GCC_NO_COMMON_BLOCKS = YES;
				GCC_OPTIMIZATION_LEVEL = 0;
				GCC_PREPROCESSOR_DEFINITIONS = (
					"DEBUG=1",
					"$(inherited)",
				);
				GCC_WARN_64_TO_32_BIT_CONVERSION = YES;
				GCC_WARN_ABOUT_RETURN_TYPE = YES_ERROR;
				GCC_WARN_UNDECLARED_SELECTOR = YES;
				GCC_WARN_UNINITIALIZED_AUTOS = YES_AGGRESSIVE;
				GCC_WARN_UNUSED_FUNCTION = YES;
				GCC_WARN_UNUSED_VARIABLE = YES;
				IPHONEOS_DEPLOYMENT_TARGET = 12.2;
				MTL_ENABLE_DEBUG_INFO = INCLUDE_SOURCE;
				MTL_FAST_MATH = YES;
				ONLY_ACTIVE_ARCH = YES;
				SDKROOT = iphoneos;
				SWIFT_ACTIVE_COMPILATION_CONDITIONS = DEBUG;
				SWIFT_OPTIMIZATION_LEVEL = "-Onone";
			};
			name = Debug;
		};
		23D85D6D23C3163600BECF55 /* Release */ = {
			isa = XCBuildConfiguration;
			buildSettings = {
				ALWAYS_SEARCH_USER_PATHS = NO;
				CLANG_ANALYZER_NONNULL = YES;
				CLANG_ANALYZER_NUMBER_OBJECT_CONVERSION = YES_AGGRESSIVE;
				CLANG_CXX_LANGUAGE_STANDARD = "gnu++14";
				CLANG_CXX_LIBRARY = "libc++";
				CLANG_ENABLE_MODULES = YES;
				CLANG_ENABLE_OBJC_ARC = YES;
				CLANG_ENABLE_OBJC_WEAK = YES;
				CLANG_WARN_BLOCK_CAPTURE_AUTORELEASING = YES;
				CLANG_WARN_BOOL_CONVERSION = YES;
				CLANG_WARN_COMMA = YES;
				CLANG_WARN_CONSTANT_CONVERSION = YES;
				CLANG_WARN_DEPRECATED_OBJC_IMPLEMENTATIONS = YES;
				CLANG_WARN_DIRECT_OBJC_ISA_USAGE = YES_ERROR;
				CLANG_WARN_DOCUMENTATION_COMMENTS = YES;
				CLANG_WARN_EMPTY_BODY = YES;
				CLANG_WARN_ENUM_CONVERSION = YES;
				CLANG_WARN_INFINITE_RECURSION = YES;
				CLANG_WARN_INT_CONVERSION = YES;
				CLANG_WARN_NON_LITERAL_NULL_CONVERSION = YES;
				CLANG_WARN_OBJC_IMPLICIT_RETAIN_SELF = YES;
				CLANG_WARN_OBJC_LITERAL_CONVERSION = YES;
				CLANG_WARN_OBJC_ROOT_CLASS = YES_ERROR;
				CLANG_WARN_RANGE_LOOP_ANALYSIS = YES;
				CLANG_WARN_STRICT_PROTOTYPES = YES;
				CLANG_WARN_SUSPICIOUS_MOVE = YES;
				CLANG_WARN_UNGUARDED_AVAILABILITY = YES_AGGRESSIVE;
				CLANG_WARN_UNREACHABLE_CODE = YES;
				CLANG_WARN__DUPLICATE_METHOD_MATCH = YES;
				CODE_SIGN_IDENTITY = "iPhone Developer";
				COPY_PHASE_STRIP = NO;
				DEBUG_INFORMATION_FORMAT = "dwarf-with-dsym";
				ENABLE_NS_ASSERTIONS = NO;
				ENABLE_STRICT_OBJC_MSGSEND = YES;
				GCC_C_LANGUAGE_STANDARD = gnu11;
				GCC_NO_COMMON_BLOCKS = YES;
				GCC_WARN_64_TO_32_BIT_CONVERSION = YES;
				GCC_WARN_ABOUT_RETURN_TYPE = YES_ERROR;
				GCC_WARN_UNDECLARED_SELECTOR = YES;
				GCC_WARN_UNINITIALIZED_AUTOS = YES_AGGRESSIVE;
				GCC_WARN_UNUSED_FUNCTION = YES;
				GCC_WARN_UNUSED_VARIABLE = YES;
				IPHONEOS_DEPLOYMENT_TARGET = 12.2;
				MTL_ENABLE_DEBUG_INFO = NO;
				MTL_FAST_MATH = YES;
				SDKROOT = iphoneos;
				SWIFT_COMPILATION_MODE = wholemodule;
				SWIFT_OPTIMIZATION_LEVEL = "-O";
				VALIDATE_PRODUCT = YES;
			};
			name = Release;
		};
		23D85D6F23C3163600BECF55 /* Debug */ = {
			isa = XCBuildConfiguration;
			buildSettings = {
				ASSETCATALOG_COMPILER_APPICON_NAME = AppIcon;
				CODE_SIGN_STYLE = Automatic;
				INFOPLIST_FILE = "td-bloc-note-sqlite-deschamps/Info.plist";
				LD_RUNPATH_SEARCH_PATHS = (
					"$(inherited)",
					"@executable_path/Frameworks",
				);
				PRODUCT_BUNDLE_IDENTIFIER = "com.univ-lr.td-bloc-note-sqlite-deschamps";
				PRODUCT_NAME = "$(TARGET_NAME)";
				SWIFT_VERSION = 5.0;
				TARGETED_DEVICE_FAMILY = "1,2";
			};
			name = Debug;
		};
		23D85D7023C3163600BECF55 /* Release */ = {
			isa = XCBuildConfiguration;
			buildSettings = {
				ASSETCATALOG_COMPILER_APPICON_NAME = AppIcon;
				CODE_SIGN_STYLE = Automatic;
				INFOPLIST_FILE = "td-bloc-note-sqlite-deschamps/Info.plist";
				LD_RUNPATH_SEARCH_PATHS = (
					"$(inherited)",
					"@executable_path/Frameworks",
				);
				PRODUCT_BUNDLE_IDENTIFIER = "com.univ-lr.td-bloc-note-sqlite-deschamps";
				PRODUCT_NAME = "$(TARGET_NAME)";
				SWIFT_VERSION = 5.0;
				TARGETED_DEVICE_FAMILY = "1,2";
			};
			name = Release;
		};
/* End XCBuildConfiguration section */

/* Begin XCConfigurationList section */
		23D85D5723C3163000BECF55 /* Build configuration list for PBXProject "td-bloc-note-sqlite-deschamps" */ = {
			isa = XCConfigurationList;
			buildConfigurations = (
				23D85D6C23C3163600BECF55 /* Debug */,
				23D85D6D23C3163600BECF55 /* Release */,
			);
			defaultConfigurationIsVisible = 0;
			defaultConfigurationName = Release;
		};
		23D85D6E23C3163600BECF55 /* Build configuration list for PBXNativeTarget "td-bloc-note-sqlite-deschamps" */ = {
			isa = XCConfigurationList;
			buildConfigurations = (
				23D85D6F23C3163600BECF55 /* Debug */,
				23D85D7023C3163600BECF55 /* Release */,
			);
			defaultConfigurationIsVisible = 0;
			defaultConfigurationName = Release;
		};
/* End XCConfigurationList section */
	};
	rootObject = 23D85D5423C3163000BECF55 /* Project object */;
}
